
Microsoft Visual Studio Solution File, Format Version 12.00
# Visual Studio Version 16
VisualStudioVersion = 16.0.33927.289
MinimumVisualStudioVersion = 10.0.40219.1
Project("{2150E333-8FDC-42A3-9474-1A3956D46DE8}") = "Task0", "Task0", "{06329403-F6B5-4CA2-997B-1BAC02B98C4C}"
EndProject
Project("{2150E333-8FDC-42A3-9474-1A3956D46DE8}") = "Task 1", "Task 1", "{5ED21D3A-B5C4-4B87-8D2B-9960CE04F0CF}"
EndProject
Project("{8BC9CEB8-8B4A-11D0-8D11-00A0C91BC942}") = "Tyuiu.RACHEVes.Sprint0.Task1.V0", "Tyuiu.RACHEVes.Sprint0.Task1.V0\Tyuiu.RACHEVes.Sprint0.Task1.V0.vcxproj", "{DDA56EA4-054D-4082-B736-04FC6EDFC8D1}"
EndProject
Project("{8BC9CEB8-8B4A-11D0-8D11-00A0C91BC942}") = "Tyuiu.RACHEVes.Sprint0", "Tyuiu.RACHEVes.Sprint0\Tyuiu.RACHEVes.Sprint0.vcxproj", "{7DA26263-CF27-47F9-9C18-963B3B3814C3}"
EndProject
Project("{8BC9CEB8-8B4A-11D0-8D11-00A0C91BC942}") = "Tyuiu.RACHEVes.Sprint0.Task2.V0", "Tyuiu.RACHEVes.Sprint0.Task2.V0\Tyuiu.RACHEVes.Sprint0.Task2.V0.vcxproj", "{B8F73698-D050-4B0A-A40D-08F2DA72A39C}"
EndProject
Project("{8BC9CEB8-8B4A-11D0-8D11-00A0C91BC942}") = "Tyuiu.RACHEVes.Sprint0.Task2.V0.Lib", "Tyuiu.RACHEVes.Sprint0.Task2.V0.Lib\Tyuiu.RACHEVes.Sprint0.Task2.V0.Lib.vcxproj", "{DA41E325-3135-40A5-95B2-768A2C5A095C}"
EndProject
Project("{8BC9CEB8-8B4A-11D0-8D11-00A0C91BC942}") = "Tyuiu.RACHEVes.Sprint0.Task2.V0Test", "Tyuiu.RACHEVes.Sprint0.Task2.V0Test\Tyuiu.RACHEVes.Sprint0.Task2.V0Test.vcxproj", "{B8550D58-83EA-4733-B4F5-98167A55C4B2}"
EndProject
Project("{2150E333-8FDC-42A3-9474-1A3956D46DE8}") = "Task3", "Task3", "{A7C912D0-3205-4124-BB81-D2A4BB2327D5}"
EndProject
Project("{2150E333-8FDC-42A3-9474-1A3956D46DE8}") = "Task2", "Task2", "{2A22A831-3E28-430C-A83C-B21DE468CF21}"
EndProject
Project("{8BC9CEB8-8B4A-11D0-8D11-00A0C91BC942}") = "Tyuiu.RACHEVes.Sprint0.Task3.V0", "Tyuiu.RACHEVes.Sprint0.Task3.V0\Tyuiu.RACHEVes.Sprint0.Task3.V0.vcxproj", "{B5C0A7CE-6912-474F-BF84-9018876BFF13}"
EndProject
Project("{8BC9CEB8-8B4A-11D0-8D11-00A0C91BC942}") = "Tyuiu.RACHEVes.Sprint.Task3.V0.Lib", "Tyuiu.RACHEVes.Sprint.Task3.V0.Lib\Tyuiu.RACHEVes.Sprint.Task3.V0.Lib.vcxproj", "{252371A1-3F4D-437C-8332-F4618AF0497C}"
EndProject
Project("{8BC9CEB8-8B4A-11D0-8D11-00A0C91BC942}") = "Tyuiu.RACHEVes.Sprint0.Task3.V0Test", "Tyuiu.RACHEVes.Sprint0.Task3.V0Test\Tyuiu.RACHEVes.Sprint0.Task3.V0Test.vcxproj", "{023831D2-8467-4E5E-9256-14EE01478BAF}"
EndProject
Project("{2150E333-8FDC-42A3-9474-1A3956D46DE8}") = "Task4", "Task4", "{D08C2C65-6982-416E-812A-E6C5E6AE3982}"
EndProject
Project("{8BC9CEB8-8B4A-11D0-8D11-00A0C91BC942}") = "Tyuiu.RACHEVes.Sprint0.Task4.V0", "Tyuiu.RACHEVes.Sprint0.Task4.V0\Tyuiu.RACHEVes.Sprint0.Task4.V0.vcxproj", "{8CE784C0-B52E-40E9-9C9C-DFBA87FAA43B}"
EndProject
Project("{8BC9CEB8-8B4A-11D0-8D11-00A0C91BC942}") = "Tyuiu.RACHEVes.Sprint0.Test4.V0", "Tyuiu.RACHEVes.Sprint0.Test4.V0\Tyuiu.RACHEVes.Sprint0.Test4.V0.vcxproj", "{1D2CBF1D-41DA-4E34-B1B1-1FE805174DAF}"
EndProject
Project("{8BC9CEB8-8B4A-11D0-8D11-00A0C91BC942}") = "Tyuiu.RACHEVes.Sprint0.Task4.V0.Lib", "Tyuiu.RACHEVes.Sprint0.Task4.V0.Lib\Tyuiu.RACHEVes.Sprint0.Task4.V0.Lib.vcxproj", "{BE3F7534-FFCE-4C07-AE49-BBA67C3572BC}"
EndProject
Project("{2150E333-8FDC-42A3-9474-1A3956D46DE8}") = "Task5", "Task5", "{14FED128-DADD-439F-A58D-837B3F9CA212}"
EndProject
Project("{8BC9CEB8-8B4A-11D0-8D11-00A0C91BC942}") = "Tyuiu.RACHEVes.Sprint0.Task5V4", "Tyuiu.RACHEVes.Sprint0.Task5V4\Tyuiu.RACHEVes.Sprint0.Task5V4.vcxproj", "{5AA81441-1570-49E7-819E-02BEC8D5DDF7}"
EndProject
Project("{2150E333-8FDC-42A3-9474-1A3956D46DE8}") = "Task6", "Task6", "{4CE615FB-1EDB-4175-80AB-6A6B1B6B2411}"
EndProject
Project("{8BC9CEB8-8B4A-11D0-8D11-00A0C91BC942}") = "Tyuiu.RACHEVes.Sprint0.Task6V4", "Tyuiu.RACHEVes.Sprint0.Task6V4\Tyuiu.RACHEVes.Sprint0.Task6V4.vcxproj", "{40B63BE8-4C8C-4279-B7D6-4976578C7FAC}"
EndProject
Project("{2150E333-8FDC-42A3-9474-1A3956D46DE8}") = "Task7", "Task7", "{53BF716D-B3E6-460D-9545-A8101CD11ABD}"
EndProject
Project("{8BC9CEB8-8B4A-11D0-8D11-00A0C91BC942}") = "Tyuiu.RACHEVes.Sprint0Task7V4", "Tyuiu.RACHEVes.Sprint0Task7V4\Tyuiu.RACHEVes.Sprint0Task7V4.vcxproj", "{23090922-2E92-4796-A8E5-3E0D5AE6214F}"
EndProject
Global
	GlobalSection(SolutionConfigurationPlatforms) = preSolution
		Debug|x64 = Debug|x64
		Debug|x86 = Debug|x86
		Release|x64 = Release|x64
		Release|x86 = Release|x86
	EndGlobalSection
	GlobalSection(ProjectConfigurationPlatforms) = postSolution
		{DDA56EA4-054D-4082-B736-04FC6EDFC8D1}.Debug|x64.ActiveCfg = Debug|x64
		{DDA56EA4-054D-4082-B736-04FC6EDFC8D1}.Debug|x64.Build.0 = Debug|x64
		{DDA56EA4-054D-4082-B736-04FC6EDFC8D1}.Debug|x86.ActiveCfg = Debug|Win32
		{DDA56EA4-054D-4082-B736-04FC6EDFC8D1}.Debug|x86.Build.0 = Debug|Win32
		{DDA56EA4-054D-4082-B736-04FC6EDFC8D1}.Release|x64.ActiveCfg = Release|x64
		{DDA56EA4-054D-4082-B736-04FC6EDFC8D1}.Release|x64.Build.0 = Release|x64
		{DDA56EA4-054D-4082-B736-04FC6EDFC8D1}.Release|x86.ActiveCfg = Release|Win32
		{DDA56EA4-054D-4082-B736-04FC6EDFC8D1}.Release|x86.Build.0 = Release|Win32
		{7DA26263-CF27-47F9-9C18-963B3B3814C3}.Debug|x64.ActiveCfg = Debug|x64
		{7DA26263-CF27-47F9-9C18-963B3B3814C3}.Debug|x64.Build.0 = Debug|x64
		{7DA26263-CF27-47F9-9C18-963B3B3814C3}.Debug|x86.ActiveCfg = Debug|Win32
		{7DA26263-CF27-47F9-9C18-963B3B3814C3}.Debug|x86.Build.0 = Debug|Win32
		{7DA26263-CF27-47F9-9C18-963B3B3814C3}.Release|x64.ActiveCfg = Release|x64
		{7DA26263-CF27-47F9-9C18-963B3B3814C3}.Release|x64.Build.0 = Release|x64
		{7DA26263-CF27-47F9-9C18-963B3B3814C3}.Release|x86.ActiveCfg = Release|Win32
		{7DA26263-CF27-47F9-9C18-963B3B3814C3}.Release|x86.Build.0 = Release|Win32
		{B8F73698-D050-4B0A-A40D-08F2DA72A39C}.Debug|x64.ActiveCfg = Debug|x64
		{B8F73698-D050-4B0A-A40D-08F2DA72A39C}.Debug|x64.Build.0 = Debug|x64
		{B8F73698-D050-4B0A-A40D-08F2DA72A39C}.Debug|x86.ActiveCfg = Debug|Win32
		{B8F73698-D050-4B0A-A40D-08F2DA72A39C}.Debug|x86.Build.0 = Debug|Win32
		{B8F73698-D050-4B0A-A40D-08F2DA72A39C}.Release|x64.ActiveCfg = Release|x64
		{B8F73698-D050-4B0A-A40D-08F2DA72A39C}.Release|x64.Build.0 = Release|x64
		{B8F73698-D050-4B0A-A40D-08F2DA72A39C}.Release|x86.ActiveCfg = Release|Win32
		{B8F73698-D050-4B0A-A40D-08F2DA72A39C}.Release|x86.Build.0 = Release|Win32
		{DA41E325-3135-40A5-95B2-768A2C5A095C}.Debug|x64.ActiveCfg = Debug|x64
		{DA41E325-3135-40A5-95B2-768A2C5A095C}.Debug|x64.Build.0 = Debug|x64
		{DA41E325-3135-40A5-95B2-768A2C5A095C}.Debug|x86.ActiveCfg = Debug|Win32
		{DA41E325-3135-40A5-95B2-768A2C5A095C}.Debug|x86.Build.0 = Debug|Win32
		{DA41E325-3135-40A5-95B2-768A2C5A095C}.Release|x64.ActiveCfg = Release|x64
		{DA41E325-3135-40A5-95B2-768A2C5A095C}.Release|x64.Build.0 = Release|x64
		{DA41E325-3135-40A5-95B2-768A2C5A095C}.Release|x86.ActiveCfg = Release|Win32
		{DA41E325-3135-40A5-95B2-768A2C5A095C}.Release|x86.Build.0 = Release|Win32
		{B8550D58-83EA-4733-B4F5-98167A55C4B2}.Debug|x64.ActiveCfg = Debug|x64
		{B8550D58-83EA-4733-B4F5-98167A55C4B2}.Debug|x64.Build.0 = Debug|x64
		{B8550D58-83EA-4733-B4F5-98167A55C4B2}.Debug|x86.ActiveCfg = Debug|Win32
		{B8550D58-83EA-4733-B4F5-98167A55C4B2}.Debug|x86.Build.0 = Debug|Win32
		{B8550D58-83EA-4733-B4F5-98167A55C4B2}.Release|x64.ActiveCfg = Release|x64
		{B8550D58-83EA-4733-B4F5-98167A55C4B2}.Release|x64.Build.0 = Release|x64
		{B8550D58-83EA-4733-B4F5-98167A55C4B2}.Release|x86.ActiveCfg = Release|Win32
		{B8550D58-83EA-4733-B4F5-98167A55C4B2}.Release|x86.Build.0 = Release|Win32
		{B5C0A7CE-6912-474F-BF84-9018876BFF13}.Debug|x64.ActiveCfg = Debug|x64
		{B5C0A7CE-6912-474F-BF84-9018876BFF13}.Debug|x64.Build.0 = Debug|x64
		{B5C0A7CE-6912-474F-BF84-9018876BFF13}.Debug|x86.ActiveCfg = Debug|Win32
		{B5C0A7CE-6912-474F-BF84-9018876BFF13}.Debug|x86.Build.0 = Debug|Win32
		{B5C0A7CE-6912-474F-BF84-9018876BFF13}.Release|x64.ActiveCfg = Release|x64
		{B5C0A7CE-6912-474F-BF84-9018876BFF13}.Release|x64.Build.0 = Release|x64
		{B5C0A7CE-6912-474F-BF84-9018876BFF13}.Release|x86.ActiveCfg = Release|Win32
		{B5C0A7CE-6912-474F-BF84-9018876BFF13}.Release|x86.Build.0 = Release|Win32
		{252371A1-3F4D-437C-8332-F4618AF0497C}.Debug|x64.ActiveCfg = Debug|x64
		{252371A1-3F4D-437C-8332-F4618AF0497C}.Debug|x64.Build.0 = Debug|x64
		{252371A1-3F4D-437C-8332-F4618AF0497C}.Debug|x86.ActiveCfg = Debug|Win32
		{252371A1-3F4D-437C-8332-F4618AF0497C}.Debug|x86.Build.0 = Debug|Win32
		{252371A1-3F4D-437C-8332-F4618AF0497C}.Release|x64.ActiveCfg = Release|x64
		{252371A1-3F4D-437C-8332-F4618AF0497C}.Release|x64.Build.0 = Release|x64
		{252371A1-3F4D-437C-8332-F4618AF0497C}.Release|x86.ActiveCfg = Release|Win32
		{252371A1-3F4D-437C-8332-F4618AF0497C}.Release|x86.Build.0 = Release|Win32
		{023831D2-8467-4E5E-9256-14EE01478BAF}.Debug|x64.ActiveCfg = Debug|x64
		{023831D2-8467-4E5E-9256-14EE01478BAF}.Debug|x64.Build.0 = Debug|x64
		{023831D2-8467-4E5E-9256-14EE01478BAF}.Debug|x86.ActiveCfg = Debug|Win32
		{023831D2-8467-4E5E-9256-14EE01478BAF}.Debug|x86.Build.0 = Debug|Win32
		{023831D2-8467-4E5E-9256-14EE01478BAF}.Release|x64.ActiveCfg = Release|x64
		{023831D2-8467-4E5E-9256-14EE01478BAF}.Release|x64.Build.0 = Release|x64
		{023831D2-8467-4E5E-9256-14EE01478BAF}.Release|x86.ActiveCfg = Release|Win32
		{023831D2-8467-4E5E-9256-14EE01478BAF}.Release|x86.Build.0 = Release|Win32
		{8CE784C0-B52E-40E9-9C9C-DFBA87FAA43B}.Debug|x64.ActiveCfg = Debug|x64
		{8CE784C0-B52E-40E9-9C9C-DFBA87FAA43B}.Debug|x64.Build.0 = Debug|x64
		{8CE784C0-B52E-40E9-9C9C-DFBA87FAA43B}.Debug|x86.ActiveCfg = Debug|Win32
		{8CE784C0-B52E-40E9-9C9C-DFBA87FAA43B}.Debug|x86.Build.0 = Debug|Win32
		{8CE784C0-B52E-40E9-9C9C-DFBA87FAA43B}.Release|x64.ActiveCfg = Release|x64
		{8CE784C0-B52E-40E9-9C9C-DFBA87FAA43B}.Release|x64.Build.0 = Release|x64
		{8CE784C0-B52E-40E9-9C9C-DFBA87FAA43B}.Release|x86.ActiveCfg = Release|Win32
		{8CE784C0-B52E-40E9-9C9C-DFBA87FAA43B}.Release|x86.Build.0 = Release|Win32
		{1D2CBF1D-41DA-4E34-B1B1-1FE805174DAF}.Debug|x64.ActiveCfg = Debug|x64
		{1D2CBF1D-41DA-4E34-B1B1-1FE805174DAF}.Debug|x64.Build.0 = Debug|x64
		{1D2CBF1D-41DA-4E34-B1B1-1FE805174DAF}.Debug|x86.ActiveCfg = Debug|Win32
		{1D2CBF1D-41DA-4E34-B1B1-1FE805174DAF}.Debug|x86.Build.0 = Debug|Win32
		{1D2CBF1D-41DA-4E34-B1B1-1FE805174DAF}.Release|x64.ActiveCfg = Release|x64
		{1D2CBF1D-41DA-4E34-B1B1-1FE805174DAF}.Release|x64.Build.0 = Release|x64
		{1D2CBF1D-41DA-4E34-B1B1-1FE805174DAF}.Release|x86.ActiveCfg = Release|Win32
		{1D2CBF1D-41DA-4E34-B1B1-1FE805174DAF}.Release|x86.Build.0 = Release|Win32
		{BE3F7534-FFCE-4C07-AE49-BBA67C3572BC}.Debug|x64.ActiveCfg = Debug|x64
		{BE3F7534-FFCE-4C07-AE49-BBA67C3572BC}.Debug|x64.Build.0 = Debug|x64
		{BE3F7534-FFCE-4C07-AE49-BBA67C3572BC}.Debug|x86.ActiveCfg = Debug|Win32
		{BE3F7534-FFCE-4C07-AE49-BBA67C3572BC}.Debug|x86.Build.0 = Debug|Win32
		{BE3F7534-FFCE-4C07-AE49-BBA67C3572BC}.Release|x64.ActiveCfg = Release|x64
		{BE3F7534-FFCE-4C07-AE49-BBA67C3572BC}.Release|x64.Build.0 = Release|x64
		{BE3F7534-FFCE-4C07-AE49-BBA67C3572BC}.Release|x86.ActiveCfg = Release|Win32
		{BE3F7534-FFCE-4C07-AE49-BBA67C3572BC}.Release|x86.Build.0 = Release|Win32
		{5AA81441-1570-49E7-819E-02BEC8D5DDF7}.Debug|x64.ActiveCfg = Debug|x64
		{5AA81441-1570-49E7-819E-02BEC8D5DDF7}.Debug|x64.Build.0 = Debug|x64
		{5AA81441-1570-49E7-819E-02BEC8D5DDF7}.Debug|x86.ActiveCfg = Debug|Win32
		{5AA81441-1570-49E7-819E-02BEC8D5DDF7}.Debug|x86.Build.0 = Debug|Win32
		{5AA81441-1570-49E7-819E-02BEC8D5DDF7}.Release|x64.ActiveCfg = Release|x64
		{5AA81441-1570-49E7-819E-02BEC8D5DDF7}.Release|x64.Build.0 = Release|x64
		{5AA81441-1570-49E7-819E-02BEC8D5DDF7}.Release|x86.ActiveCfg = Release|Win32
		{5AA81441-1570-49E7-819E-02BEC8D5DDF7}.Release|x86.Build.0 = Release|Win32
		{40B63BE8-4C8C-4279-B7D6-4976578C7FAC}.Debug|x64.ActiveCfg = Debug|x64
		{40B63BE8-4C8C-4279-B7D6-4976578C7FAC}.Debug|x64.Build.0 = Debug|x64
		{40B63BE8-4C8C-4279-B7D6-4976578C7FAC}.Debug|x86.ActiveCfg = Debug|Win32
		{40B63BE8-4C8C-4279-B7D6-4976578C7FAC}.Debug|x86.Build.0 = Debug|Win32
		{40B63BE8-4C8C-4279-B7D6-4976578C7FAC}.Release|x64.ActiveCfg = Release|x64
		{40B63BE8-4C8C-4279-B7D6-4976578C7FAC}.Release|x64.Build.0 = Release|x64
		{40B63BE8-4C8C-4279-B7D6-4976578C7FAC}.Release|x86.ActiveCfg = Release|Win32
		{40B63BE8-4C8C-4279-B7D6-4976578C7FAC}.Release|x86.Build.0 = Release|Win32
		{23090922-2E92-4796-A8E5-3E0D5AE6214F}.Debug|x64.ActiveCfg = Debug|x64
		{23090922-2E92-4796-A8E5-3E0D5AE6214F}.Debug|x64.Build.0 = Debug|x64
		{23090922-2E92-4796-A8E5-3E0D5AE6214F}.Debug|x86.ActiveCfg = Debug|Win32
		{23090922-2E92-4796-A8E5-3E0D5AE6214F}.Debug|x86.Build.0 = Debug|Win32
		{23090922-2E92-4796-A8E5-3E0D5AE6214F}.Release|x64.ActiveCfg = Release|x64
		{23090922-2E92-4796-A8E5-3E0D5AE6214F}.Release|x64.Build.0 = Release|x64
		{23090922-2E92-4796-A8E5-3E0D5AE6214F}.Release|x86.ActiveCfg = Release|Win32
		{23090922-2E92-4796-A8E5-3E0D5AE6214F}.Release|x86.Build.0 = Release|Win32
	EndGlobalSection
	GlobalSection(SolutionProperties) = preSolution
		HideSolutionNode = FALSE
	EndGlobalSection
	GlobalSection(NestedProjects) = preSolution
		{DDA56EA4-054D-4082-B736-04FC6EDFC8D1} = {5ED21D3A-B5C4-4B87-8D2B-9960CE04F0CF}
		{7DA26263-CF27-47F9-9C18-963B3B3814C3} = {06329403-F6B5-4CA2-997B-1BAC02B98C4C}
		{B8F73698-D050-4B0A-A40D-08F2DA72A39C} = {2A22A831-3E28-430C-A83C-B21DE468CF21}
		{DA41E325-3135-40A5-95B2-768A2C5A095C} = {2A22A831-3E28-430C-A83C-B21DE468CF21}
		{B8550D58-83EA-4733-B4F5-98167A55C4B2} = {2A22A831-3E28-430C-A83C-B21DE468CF21}
		{B5C0A7CE-6912-474F-BF84-9018876BFF13} = {A7C912D0-3205-4124-BB81-D2A4BB2327D5}
		{252371A1-3F4D-437C-8332-F4618AF0497C} = {A7C912D0-3205-4124-BB81-D2A4BB2327D5}
		{023831D2-8467-4E5E-9256-14EE01478BAF} = {A7C912D0-3205-4124-BB81-D2A4BB2327D5}
		{8CE784C0-B52E-40E9-9C9C-DFBA87FAA43B} = {D08C2C65-6982-416E-812A-E6C5E6AE3982}
		{1D2CBF1D-41DA-4E34-B1B1-1FE805174DAF} = {D08C2C65-6982-416E-812A-E6C5E6AE3982}
		{BE3F7534-FFCE-4C07-AE49-BBA67C3572BC} = {D08C2C65-6982-416E-812A-E6C5E6AE3982}
		{5AA81441-1570-49E7-819E-02BEC8D5DDF7} = {14FED128-DADD-439F-A58D-837B3F9CA212}
		{40B63BE8-4C8C-4279-B7D6-4976578C7FAC} = {4CE615FB-1EDB-4175-80AB-6A6B1B6B2411}
		{23090922-2E92-4796-A8E5-3E0D5AE6214F} = {53BF716D-B3E6-460D-9545-A8101CD11ABD}
	EndGlobalSection
	GlobalSection(ExtensibilityGlobals) = postSolution
		SolutionGuid = {57BE4C2F-4BED-422C-8872-1054C1240CB6}
	EndGlobalSection
EndGlobal
